
Microsoft Visual Studio Solution File, Format Version 12.00
# Visual Studio 14
VisualStudioVersion = 14.0.23107.0
MinimumVisualStudioVersion = 10.0.40219.1
Project("{FAE04EC0-301F-11D3-BF4B-00C04F79EFBC}") = "Wine Glass April2014", "Exam Tests\Wine Glass April2014.csproj", "{AC93854A-D762-4A0F-B013-F7593C48DAF2}"
EndProject
Project("{FAE04EC0-301F-11D3-BF4B-00C04F79EFBC}") = "Arrow.18 appril 2014", "Arrow.18 appril 2014\Arrow.18 appril 2014.csproj", "{6ED5E172-ED19-4F2C-95E0-8B162F3D9358}"
EndProject
Global
	GlobalSection(SolutionConfigurationPlatforms) = preSolution
		Debug|Any CPU = Debug|Any CPU
		Release|Any CPU = Release|Any CPU
	EndGlobalSection
	GlobalSection(ProjectConfigurationPlatforms) = postSolution
		{AC93854A-D762-4A0F-B013-F7593C48DAF2}.Debug|Any CPU.ActiveCfg = Debug|Any CPU
		{AC93854A-D762-4A0F-B013-F7593C48DAF2}.Debug|Any CPU.Build.0 = Debug|Any CPU
		{AC93854A-D762-4A0F-B013-F7593C48DAF2}.Release|Any CPU.ActiveCfg = Release|Any CPU
		{AC93854A-D762-4A0F-B013-F7593C48DAF2}.Release|Any CPU.Build.0 = Release|Any CPU
		{6ED5E172-ED19-4F2C-95E0-8B162F3D9358}.Debug|Any CPU.ActiveCfg = Debug|Any CPU
		{6ED5E172-ED19-4F2C-95E0-8B162F3D9358}.Debug|Any CPU.Build.0 = Debug|Any CPU
		{6ED5E172-ED19-4F2C-95E0-8B162F3D9358}.Release|Any CPU.ActiveCfg = Release|Any CPU
		{6ED5E172-ED19-4F2C-95E0-8B162F3D9358}.Release|Any CPU.Build.0 = Release|Any CPU
	EndGlobalSection
	GlobalSection(SolutionProperties) = preSolution
		HideSolutionNode = FALSE
	EndGlobalSection
EndGlobal
